
Microsoft Visual Studio Solution File, Format Version 12.00
# Visual Studio Version 16
VisualStudioVersion = 16.0.30621.155
MinimumVisualStudioVersion = 10.0.40219.1
Project("{FAE04EC0-301F-11D3-BF4B-00C04F79EFBC}") = "DigitalVotingSystem", "DigitalVotingSystem\DigitalVotingSystem.csproj", "{74DD4050-99AA-4D07-9C1D-83CBF4428C69}"
EndProject
Project("{FAE04EC0-301F-11D3-BF4B-00C04F79EFBC}") = "GridViewCommandBuilder_DATABASE", "..\Console Application\GridViewCommandBuilder_DATABASE\GridViewCommandBuilder_DATABASE\GridViewCommandBuilder_DATABASE.csproj", "{E647D314-BC84-4103-8516-A55319F93E41}"
EndProject
Global
	GlobalSection(SolutionConfigurationPlatforms) = preSolution
		Debug|Any CPU = Debug|Any CPU
		Release|Any CPU = Release|Any CPU
	EndGlobalSection
	GlobalSection(ProjectConfigurationPlatforms) = postSolution
		{74DD4050-99AA-4D07-9C1D-83CBF4428C69}.Debug|Any CPU.ActiveCfg = Debug|Any CPU
		{74DD4050-99AA-4D07-9C1D-83CBF4428C69}.Debug|Any CPU.Build.0 = Debug|Any CPU
		{74DD4050-99AA-4D07-9C1D-83CBF4428C69}.Release|Any CPU.ActiveCfg = Release|Any CPU
		{74DD4050-99AA-4D07-9C1D-83CBF4428C69}.Release|Any CPU.Build.0 = Release|Any CPU
		{E647D314-BC84-4103-8516-A55319F93E41}.Debug|Any CPU.ActiveCfg = Debug|Any CPU
		{E647D314-BC84-4103-8516-A55319F93E41}.Debug|Any CPU.Build.0 = Debug|Any CPU
		{E647D314-BC84-4103-8516-A55319F93E41}.Release|Any CPU.ActiveCfg = Release|Any CPU
		{E647D314-BC84-4103-8516-A55319F93E41}.Release|Any CPU.Build.0 = Release|Any CPU
	EndGlobalSection
	GlobalSection(SolutionProperties) = preSolution
		HideSolutionNode = FALSE
	EndGlobalSection
	GlobalSection(ExtensibilityGlobals) = postSolution
		SolutionGuid = {18671291-4D5C-45A1-BE0A-ADA5A8911B3C}
	EndGlobalSection
EndGlobal
